{
  "requires": true,
  "lockfileVersion": 1,
  "dependencies": {
    "pano": {
      "version": "1.1.1",
      "resolved": "https://registry.npmjs.org/pano/-/pano-1.1.1.tgz",
      "integrity": "sha1-2ZNnARz3dfxHcqu1v75HFjAkDWM=",
      "requires": {
        "panolens.js": "1.0.1"
      },
      "dependencies": {
        "panolens.js": {
          "version": "1.0.1",
          "resolved": "https://registry.npmjs.org/panolens.js/-/panolens.js-1.0.1.tgz",
          "integrity": "sha1-nbix03rqyhBmRCX6S9tIo4XKYRQ="
        }
      }
    },
    "panolens.js": {
      "version": "0.0.0",
      "resolved": "https://registry.npmjs.org/panolens.js/-/panolens.js-0.0.0.tgz",
      "integrity": "sha512-X2v3HdXxrI4PoQ7Y5skWe/HQi/AmNvYE3AHaLf+NfKGLaneNjrpahqJHw1XTZuDLxwGEC84W3NF1S/0IwAAnNg=="
    }
  }
}
